
Microsoft Visual Studio Solution File, Format Version 12.00
# Visual Studio Version 17
VisualStudioVersion = 17.5.002.0
MinimumVisualStudioVersion = 10.0.40219.1
Project("{2150E333-8FDC-42A3-9474-1A3956D46DE8}") = "Lesson1", "Lesson1", "{0DCB6B1D-8223-4B35-95F6-50BE0FCF95E4}"
EndProject
Project("{9A19103F-16F7-4668-BE54-9A1E7A4F7556}") = "Task1", "Lesson1\Task1\Task1.csproj", "{B81D8164-58F6-4BF3-A6A4-BBE03A8A2191}"
EndProject
Project("{9A19103F-16F7-4668-BE54-9A1E7A4F7556}") = "Task2", "Lesson1\Task2\Task2.csproj", "{CEFD401D-2424-45F0-BD16-893EC2370FAE}"
EndProject
Project("{9A19103F-16F7-4668-BE54-9A1E7A4F7556}") = "Task3", "Lesson1\Task3\Task3.csproj", "{0725D19F-C3DF-4566-8F0E-B4097620C650}"
EndProject
Project("{9A19103F-16F7-4668-BE54-9A1E7A4F7556}") = "Task4", "Lesson1\Task4\Task4.csproj", "{8B61E643-1BE3-4280-838E-B2191851E18E}"
EndProject
Project("{9A19103F-16F7-4668-BE54-9A1E7A4F7556}") = "Task5", "Lesson1\Task5\Task5.csproj", "{5CDCB999-4EE4-48E9-B069-B206B54CDD90}"
EndProject
Project("{2150E333-8FDC-42A3-9474-1A3956D46DE8}") = "Lesson2", "Lesson2", "{72B15ABA-074F-4F05-83F7-BC7C4B624A80}"
EndProject
Project("{9A19103F-16F7-4668-BE54-9A1E7A4F7556}") = "Task1", "Lesson2\Task1\Task1.csproj", "{340B09BC-A542-442A-9C95-28777A54E7B6}"
EndProject
Project("{9A19103F-16F7-4668-BE54-9A1E7A4F7556}") = "Task2", "Lesson2\Task2\Task2.csproj", "{01EC3251-1031-4B77-A7AF-6E34E54DCBCD}"
EndProject
Project("{9A19103F-16F7-4668-BE54-9A1E7A4F7556}") = "Task3", "Lesson2\Task3\Task3.csproj", "{3B68BE00-35AE-4953-8E31-7C9D12A20CF5}"
EndProject
Project("{9A19103F-16F7-4668-BE54-9A1E7A4F7556}") = "Task4", "Lesson2\Task4\Task4.csproj", "{CA23137F-D9B2-437A-B656-85FA8961EA8E}"
EndProject
Project("{2150E333-8FDC-42A3-9474-1A3956D46DE8}") = "Lesson3", "Lesson3", "{6770B38B-32EF-4061-9444-1DD371C29D57}"
EndProject
Project("{9A19103F-16F7-4668-BE54-9A1E7A4F7556}") = "Task1", "Lesson3\Task1\Task1.csproj", "{3A02A461-283A-437D-8C9B-4BC96DD01A0E}"
EndProject
Project("{9A19103F-16F7-4668-BE54-9A1E7A4F7556}") = "Task2", "Lesson3\Task2\Task2.csproj", "{7A8BCC3B-2147-4072-AAD9-E7709A6F5E23}"
EndProject
Project("{9A19103F-16F7-4668-BE54-9A1E7A4F7556}") = "Task3", "Lesson3\Task3\Task3.csproj", "{53FFBD6A-BD6D-425A-8BDF-6F3572D82176}"
EndProject
Global
	GlobalSection(SolutionConfigurationPlatforms) = preSolution
		Debug|Any CPU = Debug|Any CPU
		Release|Any CPU = Release|Any CPU
	EndGlobalSection
	GlobalSection(ProjectConfigurationPlatforms) = postSolution
		{B81D8164-58F6-4BF3-A6A4-BBE03A8A2191}.Debug|Any CPU.ActiveCfg = Debug|Any CPU
		{B81D8164-58F6-4BF3-A6A4-BBE03A8A2191}.Debug|Any CPU.Build.0 = Debug|Any CPU
		{B81D8164-58F6-4BF3-A6A4-BBE03A8A2191}.Release|Any CPU.ActiveCfg = Release|Any CPU
		{B81D8164-58F6-4BF3-A6A4-BBE03A8A2191}.Release|Any CPU.Build.0 = Release|Any CPU
		{CEFD401D-2424-45F0-BD16-893EC2370FAE}.Debug|Any CPU.ActiveCfg = Debug|Any CPU
		{CEFD401D-2424-45F0-BD16-893EC2370FAE}.Debug|Any CPU.Build.0 = Debug|Any CPU
		{CEFD401D-2424-45F0-BD16-893EC2370FAE}.Release|Any CPU.ActiveCfg = Release|Any CPU
		{CEFD401D-2424-45F0-BD16-893EC2370FAE}.Release|Any CPU.Build.0 = Release|Any CPU
		{0725D19F-C3DF-4566-8F0E-B4097620C650}.Debug|Any CPU.ActiveCfg = Debug|Any CPU
		{0725D19F-C3DF-4566-8F0E-B4097620C650}.Debug|Any CPU.Build.0 = Debug|Any CPU
		{0725D19F-C3DF-4566-8F0E-B4097620C650}.Release|Any CPU.ActiveCfg = Release|Any CPU
		{0725D19F-C3DF-4566-8F0E-B4097620C650}.Release|Any CPU.Build.0 = Release|Any CPU
		{8B61E643-1BE3-4280-838E-B2191851E18E}.Debug|Any CPU.ActiveCfg = Debug|Any CPU
		{8B61E643-1BE3-4280-838E-B2191851E18E}.Debug|Any CPU.Build.0 = Debug|Any CPU
		{8B61E643-1BE3-4280-838E-B2191851E18E}.Release|Any CPU.ActiveCfg = Release|Any CPU
		{8B61E643-1BE3-4280-838E-B2191851E18E}.Release|Any CPU.Build.0 = Release|Any CPU
		{5CDCB999-4EE4-48E9-B069-B206B54CDD90}.Debug|Any CPU.ActiveCfg = Debug|Any CPU
		{5CDCB999-4EE4-48E9-B069-B206B54CDD90}.Debug|Any CPU.Build.0 = Debug|Any CPU
		{5CDCB999-4EE4-48E9-B069-B206B54CDD90}.Release|Any CPU.ActiveCfg = Release|Any CPU
		{5CDCB999-4EE4-48E9-B069-B206B54CDD90}.Release|Any CPU.Build.0 = Release|Any CPU
		{340B09BC-A542-442A-9C95-28777A54E7B6}.Debug|Any CPU.ActiveCfg = Debug|Any CPU
		{340B09BC-A542-442A-9C95-28777A54E7B6}.Debug|Any CPU.Build.0 = Debug|Any CPU
		{340B09BC-A542-442A-9C95-28777A54E7B6}.Release|Any CPU.ActiveCfg = Release|Any CPU
		{340B09BC-A542-442A-9C95-28777A54E7B6}.Release|Any CPU.Build.0 = Release|Any CPU
		{01EC3251-1031-4B77-A7AF-6E34E54DCBCD}.Debug|Any CPU.ActiveCfg = Debug|Any CPU
		{01EC3251-1031-4B77-A7AF-6E34E54DCBCD}.Debug|Any CPU.Build.0 = Debug|Any CPU
		{01EC3251-1031-4B77-A7AF-6E34E54DCBCD}.Release|Any CPU.ActiveCfg = Release|Any CPU
		{01EC3251-1031-4B77-A7AF-6E34E54DCBCD}.Release|Any CPU.Build.0 = Release|Any CPU
		{3B68BE00-35AE-4953-8E31-7C9D12A20CF5}.Debug|Any CPU.ActiveCfg = Debug|Any CPU
		{3B68BE00-35AE-4953-8E31-7C9D12A20CF5}.Debug|Any CPU.Build.0 = Debug|Any CPU
		{3B68BE00-35AE-4953-8E31-7C9D12A20CF5}.Release|Any CPU.ActiveCfg = Release|Any CPU
		{3B68BE00-35AE-4953-8E31-7C9D12A20CF5}.Release|Any CPU.Build.0 = Release|Any CPU
		{CA23137F-D9B2-437A-B656-85FA8961EA8E}.Debug|Any CPU.ActiveCfg = Debug|Any CPU
		{CA23137F-D9B2-437A-B656-85FA8961EA8E}.Debug|Any CPU.Build.0 = Debug|Any CPU
		{CA23137F-D9B2-437A-B656-85FA8961EA8E}.Release|Any CPU.ActiveCfg = Release|Any CPU
		{CA23137F-D9B2-437A-B656-85FA8961EA8E}.Release|Any CPU.Build.0 = Release|Any CPU
		{3A02A461-283A-437D-8C9B-4BC96DD01A0E}.Debug|Any CPU.ActiveCfg = Debug|Any CPU
		{3A02A461-283A-437D-8C9B-4BC96DD01A0E}.Debug|Any CPU.Build.0 = Debug|Any CPU
		{3A02A461-283A-437D-8C9B-4BC96DD01A0E}.Release|Any CPU.ActiveCfg = Release|Any CPU
		{3A02A461-283A-437D-8C9B-4BC96DD01A0E}.Release|Any CPU.Build.0 = Release|Any CPU
		{7A8BCC3B-2147-4072-AAD9-E7709A6F5E23}.Debug|Any CPU.ActiveCfg = Debug|Any CPU
		{7A8BCC3B-2147-4072-AAD9-E7709A6F5E23}.Debug|Any CPU.Build.0 = Debug|Any CPU
		{7A8BCC3B-2147-4072-AAD9-E7709A6F5E23}.Release|Any CPU.ActiveCfg = Release|Any CPU
		{7A8BCC3B-2147-4072-AAD9-E7709A6F5E23}.Release|Any CPU.Build.0 = Release|Any CPU
		{53FFBD6A-BD6D-425A-8BDF-6F3572D82176}.Debug|Any CPU.ActiveCfg = Debug|Any CPU
		{53FFBD6A-BD6D-425A-8BDF-6F3572D82176}.Debug|Any CPU.Build.0 = Debug|Any CPU
		{53FFBD6A-BD6D-425A-8BDF-6F3572D82176}.Release|Any CPU.ActiveCfg = Release|Any CPU
		{53FFBD6A-BD6D-425A-8BDF-6F3572D82176}.Release|Any CPU.Build.0 = Release|Any CPU
	EndGlobalSection
	GlobalSection(SolutionProperties) = preSolution
		HideSolutionNode = FALSE
	EndGlobalSection
	GlobalSection(NestedProjects) = preSolution
		{B81D8164-58F6-4BF3-A6A4-BBE03A8A2191} = {0DCB6B1D-8223-4B35-95F6-50BE0FCF95E4}
		{CEFD401D-2424-45F0-BD16-893EC2370FAE} = {0DCB6B1D-8223-4B35-95F6-50BE0FCF95E4}
		{0725D19F-C3DF-4566-8F0E-B4097620C650} = {0DCB6B1D-8223-4B35-95F6-50BE0FCF95E4}
		{8B61E643-1BE3-4280-838E-B2191851E18E} = {0DCB6B1D-8223-4B35-95F6-50BE0FCF95E4}
		{5CDCB999-4EE4-48E9-B069-B206B54CDD90} = {0DCB6B1D-8223-4B35-95F6-50BE0FCF95E4}
		{340B09BC-A542-442A-9C95-28777A54E7B6} = {72B15ABA-074F-4F05-83F7-BC7C4B624A80}
		{01EC3251-1031-4B77-A7AF-6E34E54DCBCD} = {72B15ABA-074F-4F05-83F7-BC7C4B624A80}
		{3B68BE00-35AE-4953-8E31-7C9D12A20CF5} = {72B15ABA-074F-4F05-83F7-BC7C4B624A80}
		{CA23137F-D9B2-437A-B656-85FA8961EA8E} = {72B15ABA-074F-4F05-83F7-BC7C4B624A80}
		{3A02A461-283A-437D-8C9B-4BC96DD01A0E} = {6770B38B-32EF-4061-9444-1DD371C29D57}
		{7A8BCC3B-2147-4072-AAD9-E7709A6F5E23} = {6770B38B-32EF-4061-9444-1DD371C29D57}
		{53FFBD6A-BD6D-425A-8BDF-6F3572D82176} = {6770B38B-32EF-4061-9444-1DD371C29D57}
	EndGlobalSection
	GlobalSection(ExtensibilityGlobals) = postSolution
		SolutionGuid = {E5925A3E-A1BD-490E-92FC-7B48D3251DCB}
	EndGlobalSection
EndGlobal
