
Microsoft Visual Studio Solution File, Format Version 12.00
# Visual Studio Version 17
VisualStudioVersion = 17.5.002.0
MinimumVisualStudioVersion = 10.0.40219.1
Project("{2150E333-8FDC-42A3-9474-1A3956D46DE8}") = "Lesson1", "Lesson1", "{EBC8A0EC-0BB0-4ECB-BEC2-DA4CABA00AE5}"
EndProject
Project("{9A19103F-16F7-4668-BE54-9A1E7A4F7556}") = "Task1", "Lesson1\Task1\Task1.csproj", "{19726485-2ADB-4F15-B11E-DACF576B1DAF}"
EndProject
Project("{9A19103F-16F7-4668-BE54-9A1E7A4F7556}") = "Task2", "Lesson1\Task2\Task2.csproj", "{D0C5D2F5-5E9F-408F-846F-A4C1BF275911}"
EndProject
Project("{9A19103F-16F7-4668-BE54-9A1E7A4F7556}") = "Task3", "Lesson1\Task3\Task3.csproj", "{DA7F14C3-977C-4A3D-97DC-C214DEBE8A28}"
EndProject
Project("{9A19103F-16F7-4668-BE54-9A1E7A4F7556}") = "Task4", "Lesson1\Task4\Task4.csproj", "{C9450F90-CEBD-4B1F-BBE8-DC19FEAADC14}"
EndProject
Project("{9A19103F-16F7-4668-BE54-9A1E7A4F7556}") = "Task5", "Lesson1\Task5\Task5.csproj", "{4953E795-966E-46A6-BE08-44FAAB2ECFD2}"
EndProject
Project("{2150E333-8FDC-42A3-9474-1A3956D46DE8}") = "Lesson2", "Lesson2", "{39057CCF-CDE7-4194-BF27-B9EDE5A6131C}"
EndProject
Project("{9A19103F-16F7-4668-BE54-9A1E7A4F7556}") = "Task1", "Lesson2\Task1\Task1.csproj", "{76794C4C-B11A-4E4A-8DC4-F5EF4DFAF4E4}"
EndProject
Project("{9A19103F-16F7-4668-BE54-9A1E7A4F7556}") = "Task2", "Lesson2\Task2\Task2.csproj", "{3DEDE76F-13A6-4942-95AC-995E5E9498B7}"
EndProject
Project("{9A19103F-16F7-4668-BE54-9A1E7A4F7556}") = "Task3", "Lesson2\Task3\Task3.csproj", "{7FDDEBE9-A44C-469A-82FF-BAB26F5E61BA}"
EndProject
Project("{9A19103F-16F7-4668-BE54-9A1E7A4F7556}") = "Task4", "Lesson2\Task4\Task4.csproj", "{BC1762E7-D766-4CC4-BD16-FB653F9BD8FB}"
EndProject
Project("{2150E333-8FDC-42A3-9474-1A3956D46DE8}") = "Lesson3", "Lesson3", "{A9218A87-43CF-4BB7-82FD-2F208B840AC1}"
EndProject
Project("{9A19103F-16F7-4668-BE54-9A1E7A4F7556}") = "Task1", "Lesson3\Task1\Task1.csproj", "{F77127E1-883C-4E01-BE2B-3A7E65EC9FD4}"
EndProject
Project("{9A19103F-16F7-4668-BE54-9A1E7A4F7556}") = "Task2", "Lesson3\Task2\Task2.csproj", "{1D2B6329-51DD-45DF-84CC-2F8F60F6270B}"
EndProject
Project("{9A19103F-16F7-4668-BE54-9A1E7A4F7556}") = "Task3", "Lesson3\Task3\Task3.csproj", "{DB455ECE-7A62-493A-A46D-A9BCF4214DA1}"
EndProject
Global
	GlobalSection(SolutionConfigurationPlatforms) = preSolution
		Debug|Any CPU = Debug|Any CPU
		Release|Any CPU = Release|Any CPU
	EndGlobalSection
	GlobalSection(ProjectConfigurationPlatforms) = postSolution
		{19726485-2ADB-4F15-B11E-DACF576B1DAF}.Debug|Any CPU.ActiveCfg = Debug|Any CPU
		{19726485-2ADB-4F15-B11E-DACF576B1DAF}.Debug|Any CPU.Build.0 = Debug|Any CPU
		{19726485-2ADB-4F15-B11E-DACF576B1DAF}.Release|Any CPU.ActiveCfg = Release|Any CPU
		{19726485-2ADB-4F15-B11E-DACF576B1DAF}.Release|Any CPU.Build.0 = Release|Any CPU
		{D0C5D2F5-5E9F-408F-846F-A4C1BF275911}.Debug|Any CPU.ActiveCfg = Debug|Any CPU
		{D0C5D2F5-5E9F-408F-846F-A4C1BF275911}.Debug|Any CPU.Build.0 = Debug|Any CPU
		{D0C5D2F5-5E9F-408F-846F-A4C1BF275911}.Release|Any CPU.ActiveCfg = Release|Any CPU
		{D0C5D2F5-5E9F-408F-846F-A4C1BF275911}.Release|Any CPU.Build.0 = Release|Any CPU
		{DA7F14C3-977C-4A3D-97DC-C214DEBE8A28}.Debug|Any CPU.ActiveCfg = Debug|Any CPU
		{DA7F14C3-977C-4A3D-97DC-C214DEBE8A28}.Debug|Any CPU.Build.0 = Debug|Any CPU
		{DA7F14C3-977C-4A3D-97DC-C214DEBE8A28}.Release|Any CPU.ActiveCfg = Release|Any CPU
		{DA7F14C3-977C-4A3D-97DC-C214DEBE8A28}.Release|Any CPU.Build.0 = Release|Any CPU
		{C9450F90-CEBD-4B1F-BBE8-DC19FEAADC14}.Debug|Any CPU.ActiveCfg = Debug|Any CPU
		{C9450F90-CEBD-4B1F-BBE8-DC19FEAADC14}.Debug|Any CPU.Build.0 = Debug|Any CPU
		{C9450F90-CEBD-4B1F-BBE8-DC19FEAADC14}.Release|Any CPU.ActiveCfg = Release|Any CPU
		{C9450F90-CEBD-4B1F-BBE8-DC19FEAADC14}.Release|Any CPU.Build.0 = Release|Any CPU
		{4953E795-966E-46A6-BE08-44FAAB2ECFD2}.Debug|Any CPU.ActiveCfg = Debug|Any CPU
		{4953E795-966E-46A6-BE08-44FAAB2ECFD2}.Debug|Any CPU.Build.0 = Debug|Any CPU
		{4953E795-966E-46A6-BE08-44FAAB2ECFD2}.Release|Any CPU.ActiveCfg = Release|Any CPU
		{4953E795-966E-46A6-BE08-44FAAB2ECFD2}.Release|Any CPU.Build.0 = Release|Any CPU
		{76794C4C-B11A-4E4A-8DC4-F5EF4DFAF4E4}.Debug|Any CPU.ActiveCfg = Debug|Any CPU
		{76794C4C-B11A-4E4A-8DC4-F5EF4DFAF4E4}.Debug|Any CPU.Build.0 = Debug|Any CPU
		{76794C4C-B11A-4E4A-8DC4-F5EF4DFAF4E4}.Release|Any CPU.ActiveCfg = Release|Any CPU
		{76794C4C-B11A-4E4A-8DC4-F5EF4DFAF4E4}.Release|Any CPU.Build.0 = Release|Any CPU
		{3DEDE76F-13A6-4942-95AC-995E5E9498B7}.Debug|Any CPU.ActiveCfg = Debug|Any CPU
		{3DEDE76F-13A6-4942-95AC-995E5E9498B7}.Debug|Any CPU.Build.0 = Debug|Any CPU
		{3DEDE76F-13A6-4942-95AC-995E5E9498B7}.Release|Any CPU.ActiveCfg = Release|Any CPU
		{3DEDE76F-13A6-4942-95AC-995E5E9498B7}.Release|Any CPU.Build.0 = Release|Any CPU
		{7FDDEBE9-A44C-469A-82FF-BAB26F5E61BA}.Debug|Any CPU.ActiveCfg = Debug|Any CPU
		{7FDDEBE9-A44C-469A-82FF-BAB26F5E61BA}.Debug|Any CPU.Build.0 = Debug|Any CPU
		{7FDDEBE9-A44C-469A-82FF-BAB26F5E61BA}.Release|Any CPU.ActiveCfg = Release|Any CPU
		{7FDDEBE9-A44C-469A-82FF-BAB26F5E61BA}.Release|Any CPU.Build.0 = Release|Any CPU
		{BC1762E7-D766-4CC4-BD16-FB653F9BD8FB}.Debug|Any CPU.ActiveCfg = Debug|Any CPU
		{BC1762E7-D766-4CC4-BD16-FB653F9BD8FB}.Debug|Any CPU.Build.0 = Debug|Any CPU
		{BC1762E7-D766-4CC4-BD16-FB653F9BD8FB}.Release|Any CPU.ActiveCfg = Release|Any CPU
		{BC1762E7-D766-4CC4-BD16-FB653F9BD8FB}.Release|Any CPU.Build.0 = Release|Any CPU
		{F77127E1-883C-4E01-BE2B-3A7E65EC9FD4}.Debug|Any CPU.ActiveCfg = Debug|Any CPU
		{F77127E1-883C-4E01-BE2B-3A7E65EC9FD4}.Debug|Any CPU.Build.0 = Debug|Any CPU
		{F77127E1-883C-4E01-BE2B-3A7E65EC9FD4}.Release|Any CPU.ActiveCfg = Release|Any CPU
		{F77127E1-883C-4E01-BE2B-3A7E65EC9FD4}.Release|Any CPU.Build.0 = Release|Any CPU
		{1D2B6329-51DD-45DF-84CC-2F8F60F6270B}.Debug|Any CPU.ActiveCfg = Debug|Any CPU
		{1D2B6329-51DD-45DF-84CC-2F8F60F6270B}.Debug|Any CPU.Build.0 = Debug|Any CPU
		{1D2B6329-51DD-45DF-84CC-2F8F60F6270B}.Release|Any CPU.ActiveCfg = Release|Any CPU
		{1D2B6329-51DD-45DF-84CC-2F8F60F6270B}.Release|Any CPU.Build.0 = Release|Any CPU
		{DB455ECE-7A62-493A-A46D-A9BCF4214DA1}.Debug|Any CPU.ActiveCfg = Debug|Any CPU
		{DB455ECE-7A62-493A-A46D-A9BCF4214DA1}.Debug|Any CPU.Build.0 = Debug|Any CPU
		{DB455ECE-7A62-493A-A46D-A9BCF4214DA1}.Release|Any CPU.ActiveCfg = Release|Any CPU
		{DB455ECE-7A62-493A-A46D-A9BCF4214DA1}.Release|Any CPU.Build.0 = Release|Any CPU
	EndGlobalSection
	GlobalSection(SolutionProperties) = preSolution
		HideSolutionNode = FALSE
	EndGlobalSection
	GlobalSection(NestedProjects) = preSolution
		{19726485-2ADB-4F15-B11E-DACF576B1DAF} = {EBC8A0EC-0BB0-4ECB-BEC2-DA4CABA00AE5}
		{D0C5D2F5-5E9F-408F-846F-A4C1BF275911} = {EBC8A0EC-0BB0-4ECB-BEC2-DA4CABA00AE5}
		{DA7F14C3-977C-4A3D-97DC-C214DEBE8A28} = {EBC8A0EC-0BB0-4ECB-BEC2-DA4CABA00AE5}
		{C9450F90-CEBD-4B1F-BBE8-DC19FEAADC14} = {EBC8A0EC-0BB0-4ECB-BEC2-DA4CABA00AE5}
		{4953E795-966E-46A6-BE08-44FAAB2ECFD2} = {EBC8A0EC-0BB0-4ECB-BEC2-DA4CABA00AE5}
		{76794C4C-B11A-4E4A-8DC4-F5EF4DFAF4E4} = {39057CCF-CDE7-4194-BF27-B9EDE5A6131C}
		{3DEDE76F-13A6-4942-95AC-995E5E9498B7} = {39057CCF-CDE7-4194-BF27-B9EDE5A6131C}
		{7FDDEBE9-A44C-469A-82FF-BAB26F5E61BA} = {39057CCF-CDE7-4194-BF27-B9EDE5A6131C}
		{BC1762E7-D766-4CC4-BD16-FB653F9BD8FB} = {39057CCF-CDE7-4194-BF27-B9EDE5A6131C}
		{F77127E1-883C-4E01-BE2B-3A7E65EC9FD4} = {A9218A87-43CF-4BB7-82FD-2F208B840AC1}
		{1D2B6329-51DD-45DF-84CC-2F8F60F6270B} = {A9218A87-43CF-4BB7-82FD-2F208B840AC1}
		{DB455ECE-7A62-493A-A46D-A9BCF4214DA1} = {A9218A87-43CF-4BB7-82FD-2F208B840AC1}
	EndGlobalSection
	GlobalSection(ExtensibilityGlobals) = postSolution
		SolutionGuid = {C4754A4F-972C-4D08-AA1B-5A5918121341}
	EndGlobalSection
EndGlobal
